{
  "originHash" : "24a1a303a6597b6538b8f4b8d0eddc6ea2ee82a57670d0582c20a2affdf12b74",
  "pins" : [
    {
      "identity" : "swift-argument-parser",
      "kind" : "remoteSourceControl",
      "location" : "https://github.com/apple/swift-argument-parser",
      "state" : {
        "revision" : "c5d11a805e765f52ba34ec7284bd4fcd6ba68615",
        "version" : "1.7.0"
      }
    },
    {
      "identity" : "swiftterm",
      "kind" : "remoteSourceControl",
      "location" : "https://github.com/migueldeicaza/SwiftTerm.git",
      "state" : {
        "revision" : "36642aa383e14834604bb5f2bafbbde47142bd0c",
        "version" : "1.11.0"
      }
    }
  ],
  "version" : 3
}
